
Microsoft Visual Studio Solution File, Format Version 12.00
# Visual Studio Version 16
VisualStudioVersion = 16.0.31702.278
MinimumVisualStudioVersion = 10.0.40219.1
Project("{FAE04EC0-301F-11D3-BF4B-00C04F79EFBC}") = "PivotDataService.CustomConnectorWebApi", "PivotDataService.CustomConnectorWebApi.csproj", "{64345491-F7BD-4D7A-843E-F0123A10A69A}"
EndProject
Global
	GlobalSection(SolutionConfigurationPlatforms) = preSolution
		Debug|Any CPU = Debug|Any CPU
		Release|Any CPU = Release|Any CPU
	EndGlobalSection
	GlobalSection(ProjectConfigurationPlatforms) = postSolution
		{64345491-F7BD-4D7A-843E-F0123A10A69A}.Debug|Any CPU.ActiveCfg = Debug|Any CPU
		{64345491-F7BD-4D7A-843E-F0123A10A69A}.Debug|Any CPU.Build.0 = Debug|Any CPU
		{64345491-F7BD-4D7A-843E-F0123A10A69A}.Release|Any CPU.ActiveCfg = Release|Any CPU
		{64345491-F7BD-4D7A-843E-F0123A10A69A}.Release|Any CPU.Build.0 = Release|Any CPU
	EndGlobalSection
	GlobalSection(SolutionProperties) = preSolution
		HideSolutionNode = FALSE
	EndGlobalSection
	GlobalSection(ExtensibilityGlobals) = postSolution
		SolutionGuid = {0AEEAC5B-A47F-44B2-AECC-AD6CAD73DE58}
	EndGlobalSection
EndGlobal
